
Microsoft Visual Studio Solution File, Format Version 12.00
# Visual Studio Version 17
VisualStudioVersion = 17.12.35506.116 d17.12
MinimumVisualStudioVersion = 10.0.40219.1
Project("{FAE04EC0-301F-11D3-BF4B-00C04F79EFBC}") = "Korn.Services.Logger", "Korn.Services.Logger\Korn.Services.Logger.csproj", "{46D79B48-9A1D-4C74-A0D6-8D0FBAD56C86}"
EndProject
Global
	GlobalSection(SolutionConfigurationPlatforms) = preSolution
		Debug|Any CPU = Debug|Any CPU
		Release|Any CPU = Release|Any CPU
	EndGlobalSection
	GlobalSection(ProjectConfigurationPlatforms) = postSolution
		{46D79B48-9A1D-4C74-A0D6-8D0FBAD56C86}.Debug|Any CPU.ActiveCfg = Debug|Any CPU
		{46D79B48-9A1D-4C74-A0D6-8D0FBAD56C86}.Debug|Any CPU.Build.0 = Debug|Any CPU
		{46D79B48-9A1D-4C74-A0D6-8D0FBAD56C86}.Release|Any CPU.ActiveCfg = Release|Any CPU
		{46D79B48-9A1D-4C74-A0D6-8D0FBAD56C86}.Release|Any CPU.Build.0 = Release|Any CPU
	EndGlobalSection
	GlobalSection(SolutionProperties) = preSolution
		HideSolutionNode = FALSE
	EndGlobalSection
EndGlobal
